
Microsoft Visual Studio Solution File, Format Version 12.00
# Visual Studio Version 16
VisualStudioVersion = 16.0.30717.126
MinimumVisualStudioVersion = 10.0.40219.1
Project("{9A19103F-16F7-4668-BE54-9A1E7A4F7556}") = "FormularOne.Logic", "FormularOne.Logic\FormularOne.Logic.csproj", "{29B78417-EE68-4F1F-B796-8B0C4905C8DD}"
EndProject
Project("{9A19103F-16F7-4668-BE54-9A1E7A4F7556}") = "FormularOne.Contracts", "FormularOne.Contracts\FormularOne.Contracts.csproj", "{1F2FEB7F-0AB9-4F0F-A56F-E59D7E31FCCD}"
EndProject
Project("{9A19103F-16F7-4668-BE54-9A1E7A4F7556}") = "CsvMapper.Logic", "CsvMapper.Logic\CsvMapper.Logic.csproj", "{6C24CE80-1131-4AB5-8872-66E0B3638B43}"
EndProject
Project("{FAE04EC0-301F-11D3-BF4B-00C04F79EFBC}") = "FormularOne.Report", "FormularOne.Report\FormularOne.Report.csproj", "{1E308C56-2D6B-4800-9788-5BC5CC708861}"
EndProject
Project("{FAE04EC0-301F-11D3-BF4B-00C04F79EFBC}") = "FormularOne.WebApp", "FormularOne.WebApp\FormularOne.WebApp.csproj", "{B2CADBF6-6857-4F2B-8287-57E11C4F7526}"
EndProject
Global
	GlobalSection(SolutionConfigurationPlatforms) = preSolution
		Debug|Any CPU = Debug|Any CPU
		Release|Any CPU = Release|Any CPU
	EndGlobalSection
	GlobalSection(ProjectConfigurationPlatforms) = postSolution
		{29B78417-EE68-4F1F-B796-8B0C4905C8DD}.Debug|Any CPU.ActiveCfg = Debug|Any CPU
		{29B78417-EE68-4F1F-B796-8B0C4905C8DD}.Debug|Any CPU.Build.0 = Debug|Any CPU
		{29B78417-EE68-4F1F-B796-8B0C4905C8DD}.Release|Any CPU.ActiveCfg = Release|Any CPU
		{29B78417-EE68-4F1F-B796-8B0C4905C8DD}.Release|Any CPU.Build.0 = Release|Any CPU
		{1F2FEB7F-0AB9-4F0F-A56F-E59D7E31FCCD}.Debug|Any CPU.ActiveCfg = Debug|Any CPU
		{1F2FEB7F-0AB9-4F0F-A56F-E59D7E31FCCD}.Debug|Any CPU.Build.0 = Debug|Any CPU
		{1F2FEB7F-0AB9-4F0F-A56F-E59D7E31FCCD}.Release|Any CPU.ActiveCfg = Release|Any CPU
		{1F2FEB7F-0AB9-4F0F-A56F-E59D7E31FCCD}.Release|Any CPU.Build.0 = Release|Any CPU
		{6C24CE80-1131-4AB5-8872-66E0B3638B43}.Debug|Any CPU.ActiveCfg = Debug|Any CPU
		{6C24CE80-1131-4AB5-8872-66E0B3638B43}.Debug|Any CPU.Build.0 = Debug|Any CPU
		{6C24CE80-1131-4AB5-8872-66E0B3638B43}.Release|Any CPU.ActiveCfg = Release|Any CPU
		{6C24CE80-1131-4AB5-8872-66E0B3638B43}.Release|Any CPU.Build.0 = Release|Any CPU
		{1E308C56-2D6B-4800-9788-5BC5CC708861}.Debug|Any CPU.ActiveCfg = Debug|Any CPU
		{1E308C56-2D6B-4800-9788-5BC5CC708861}.Debug|Any CPU.Build.0 = Debug|Any CPU
		{1E308C56-2D6B-4800-9788-5BC5CC708861}.Release|Any CPU.ActiveCfg = Release|Any CPU
		{1E308C56-2D6B-4800-9788-5BC5CC708861}.Release|Any CPU.Build.0 = Release|Any CPU
		{B2CADBF6-6857-4F2B-8287-57E11C4F7526}.Debug|Any CPU.ActiveCfg = Debug|Any CPU
		{B2CADBF6-6857-4F2B-8287-57E11C4F7526}.Debug|Any CPU.Build.0 = Debug|Any CPU
		{B2CADBF6-6857-4F2B-8287-57E11C4F7526}.Release|Any CPU.ActiveCfg = Release|Any CPU
		{B2CADBF6-6857-4F2B-8287-57E11C4F7526}.Release|Any CPU.Build.0 = Release|Any CPU
	EndGlobalSection
	GlobalSection(SolutionProperties) = preSolution
		HideSolutionNode = FALSE
	EndGlobalSection
	GlobalSection(ExtensibilityGlobals) = postSolution
		SolutionGuid = {269AE58F-51AB-4B34-9114-49EF80D0DE21}
	EndGlobalSection
EndGlobal
